
Microsoft Visual Studio Solution File, Format Version 12.00
# Visual Studio Version 17
VisualStudioVersion = 17.10.35122.118
MinimumVisualStudioVersion = 10.0.40219.1
Project("{FAE04EC0-301F-11D3-BF4B-00C04F79EFBC}") = "WinFormsApp1", "WinFormsApp1\WinFormsApp1.csproj", "{AD7E71BA-F9BD-46FF-9BB2-729B6550F4D6}"
EndProject
Global
	GlobalSection(SolutionConfigurationPlatforms) = preSolution
		Debug|Any CPU = Debug|Any CPU
		Release|Any CPU = Release|Any CPU
	EndGlobalSection
	GlobalSection(ProjectConfigurationPlatforms) = postSolution
		{AD7E71BA-F9BD-46FF-9BB2-729B6550F4D6}.Debug|Any CPU.ActiveCfg = Debug|Any CPU
		{AD7E71BA-F9BD-46FF-9BB2-729B6550F4D6}.Debug|Any CPU.Build.0 = Debug|Any CPU
		{AD7E71BA-F9BD-46FF-9BB2-729B6550F4D6}.Release|Any CPU.ActiveCfg = Release|Any CPU
		{AD7E71BA-F9BD-46FF-9BB2-729B6550F4D6}.Release|Any CPU.Build.0 = Release|Any CPU
	EndGlobalSection
	GlobalSection(SolutionProperties) = preSolution
		HideSolutionNode = FALSE
	EndGlobalSection
	GlobalSection(ExtensibilityGlobals) = postSolution
		SolutionGuid = {B75C89B1-8A8D-4DE3-B349-0E3A79BFA6A1}
	EndGlobalSection
EndGlobal
